
Microsoft Visual Studio Solution File, Format Version 12.00
# Visual Studio Version 17
VisualStudioVersion = 17.11.35327.3
MinimumVisualStudioVersion = 10.0.40219.1
Project("{FAE04EC0-301F-11D3-BF4B-00C04F79EFBC}") = "ContactsApp", "ContactsApp\ContactsApp.csproj", "{08D53362-244E-452F-8C3C-40FE6BABF0E5}"
EndProject
Project("{FAE04EC0-301F-11D3-BF4B-00C04F79EFBC}") = "ContactsApp.UnitTest", "ContactsApp.UnitTest\ContactsApp.UnitTest.csproj", "{268F62EB-B210-49D3-8B10-07B90E5948C2}"
EndProject
Global
	GlobalSection(SolutionConfigurationPlatforms) = preSolution
		Debug|Any CPU = Debug|Any CPU
		Release|Any CPU = Release|Any CPU
	EndGlobalSection
	GlobalSection(ProjectConfigurationPlatforms) = postSolution
		{08D53362-244E-452F-8C3C-40FE6BABF0E5}.Debug|Any CPU.ActiveCfg = Debug|Any CPU
		{08D53362-244E-452F-8C3C-40FE6BABF0E5}.Debug|Any CPU.Build.0 = Debug|Any CPU
		{08D53362-244E-452F-8C3C-40FE6BABF0E5}.Release|Any CPU.ActiveCfg = Release|Any CPU
		{08D53362-244E-452F-8C3C-40FE6BABF0E5}.Release|Any CPU.Build.0 = Release|Any CPU
		{268F62EB-B210-49D3-8B10-07B90E5948C2}.Debug|Any CPU.ActiveCfg = Debug|Any CPU
		{268F62EB-B210-49D3-8B10-07B90E5948C2}.Debug|Any CPU.Build.0 = Debug|Any CPU
		{268F62EB-B210-49D3-8B10-07B90E5948C2}.Release|Any CPU.ActiveCfg = Release|Any CPU
		{268F62EB-B210-49D3-8B10-07B90E5948C2}.Release|Any CPU.Build.0 = Release|Any CPU
	EndGlobalSection
	GlobalSection(SolutionProperties) = preSolution
		HideSolutionNode = FALSE
	EndGlobalSection
	GlobalSection(ExtensibilityGlobals) = postSolution
		SolutionGuid = {FE4E6C76-C4C8-4C60-81B5-E760E32F5F7A}
	EndGlobalSection
EndGlobal
